
Microsoft Visual Studio Solution File, Format Version 12.00
# Visual Studio Version 17
VisualStudioVersion = 17.0.31903.59
MinimumVisualStudioVersion = 10.0.40219.1
Project("{2150E333-8FDC-42A3-9474-1A3956D46DE8}") = "src", "src", "{827E0CD3-B72D-47B6-A68D-7590B98EB39B}"
EndProject
Project("{FAE04EC0-301F-11D3-BF4B-00C04F79EFBC}") = "LocalizeStay.Api", "src\LocalizeStay.Api\LocalizeStay.Api.csproj", "{D9664C05-7C0E-4BCF-B3BC-39ACD7BEC5F2}"
EndProject
Project("{2150E333-8FDC-42A3-9474-1A3956D46DE8}") = "BuildingBlocks", "BuildingBlocks", "{90298CBA-BD6F-3A0A-69D5-97CAD7B05E7E}"
EndProject
Project("{FAE04EC0-301F-11D3-BF4B-00C04F79EFBC}") = "LocalizeStay.SharedKernel", "src\BuildingBlocks\LocalizeStay.SharedKernel\LocalizeStay.SharedKernel.csproj", "{ACFC4F02-8CCC-4146-8713-FC0E14637678}"
EndProject
Project("{2150E333-8FDC-42A3-9474-1A3956D46DE8}") = "Modules", "Modules", "{EC447DCF-ABFA-6E24-52A5-D7FD48A5C558}"
EndProject
Project("{2150E333-8FDC-42A3-9474-1A3956D46DE8}") = "Discovery", "Discovery", "{45D4843E-D65D-046D-A47C-6FD9A62F431A}"
EndProject
Project("{FAE04EC0-301F-11D3-BF4B-00C04F79EFBC}") = "LocalizeStay.Modules.Discovery", "src\Modules\Discovery\LocalizeStay.Modules.Discovery\LocalizeStay.Modules.Discovery.csproj", "{7A3A969F-B85C-4865-86E9-A681FE64CD78}"
EndProject
Project("{FAE04EC0-301F-11D3-BF4B-00C04F79EFBC}") = "LocalizeStay.Modules.Discovery.Contracts", "src\Modules\Discovery\LocalizeStay.Modules.Discovery.Contracts\LocalizeStay.Modules.Discovery.Contracts.csproj", "{43AD8FF0-0AE0-49F4-9692-19A95801BEC6}"
EndProject
Project("{2150E333-8FDC-42A3-9474-1A3956D46DE8}") = "Inventory", "Inventory", "{18C073E0-6CB1-4693-3636-BFEE619A6192}"
EndProject
Project("{FAE04EC0-301F-11D3-BF4B-00C04F79EFBC}") = "LocalizeStay.Modules.Inventory", "src\Modules\Inventory\LocalizeStay.Modules.Inventory\LocalizeStay.Modules.Inventory.csproj", "{53B07156-2824-43C2-BB41-94D56EB7A447}"
EndProject
Project("{FAE04EC0-301F-11D3-BF4B-00C04F79EFBC}") = "LocalizeStay.Modules.Inventory.Contracts", "src\Modules\Inventory\LocalizeStay.Modules.Inventory.Contracts\LocalizeStay.Modules.Inventory.Contracts.csproj", "{CAC43E1D-66E3-4100-B2B6-078E6C8678DC}"
EndProject
Project("{2150E333-8FDC-42A3-9474-1A3956D46DE8}") = "Booking", "Booking", "{FC0D8A46-3DC7-E91E-C357-28F70C4DB3C6}"
EndProject
Project("{FAE04EC0-301F-11D3-BF4B-00C04F79EFBC}") = "LocalizeStay.Modules.Booking", "src\Modules\Booking\LocalizeStay.Modules.Booking\LocalizeStay.Modules.Booking.csproj", "{0EEDE789-6F16-4F29-87A0-A9BDED8FAE42}"
EndProject
Project("{FAE04EC0-301F-11D3-BF4B-00C04F79EFBC}") = "LocalizeStay.Modules.Booking.Contracts", "src\Modules\Booking\LocalizeStay.Modules.Booking.Contracts\LocalizeStay.Modules.Booking.Contracts.csproj", "{DA1811CC-C73F-4419-B5AD-E68A37E45510}"
EndProject
Project("{2150E333-8FDC-42A3-9474-1A3956D46DE8}") = "Payments", "Payments", "{3482A603-7AEB-377F-9DA5-9757A465DBE8}"
EndProject
Project("{FAE04EC0-301F-11D3-BF4B-00C04F79EFBC}") = "LocalizeStay.Modules.Payments", "src\Modules\Payments\LocalizeStay.Modules.Payments\LocalizeStay.Modules.Payments.csproj", "{5E86A4A3-7CC2-4CF3-853F-B2BC20767F28}"
EndProject
Project("{FAE04EC0-301F-11D3-BF4B-00C04F79EFBC}") = "LocalizeStay.Modules.Payments.Contracts", "src\Modules\Payments\LocalizeStay.Modules.Payments.Contracts\LocalizeStay.Modules.Payments.Contracts.csproj", "{BD6ADB0A-C2FF-4097-A36A-AA718FEAF37F}"
EndProject
Project("{2150E333-8FDC-42A3-9474-1A3956D46DE8}") = "CustomerCare", "CustomerCare", "{EA488DEF-FF38-E365-B93B-A43BE4DEBA18}"
EndProject
Project("{FAE04EC0-301F-11D3-BF4B-00C04F79EFBC}") = "LocalizeStay.Modules.CustomerCare", "src\Modules\CustomerCare\LocalizeStay.Modules.CustomerCare\LocalizeStay.Modules.CustomerCare.csproj", "{342CB340-F74C-4A82-9302-2559FA28E5EF}"
EndProject
Project("{FAE04EC0-301F-11D3-BF4B-00C04F79EFBC}") = "LocalizeStay.Modules.CustomerCare.Contracts", "src\Modules\CustomerCare\LocalizeStay.Modules.CustomerCare.Contracts\LocalizeStay.Modules.CustomerCare.Contracts.csproj", "{72E2FDCA-ECBF-401C-8B77-A590F1397903}"
EndProject
Project("{2150E333-8FDC-42A3-9474-1A3956D46DE8}") = "Curation", "Curation", "{BEF6D164-B796-A647-D306-280AF5DC8AEA}"
EndProject
Project("{FAE04EC0-301F-11D3-BF4B-00C04F79EFBC}") = "LocalizeStay.Modules.Curation", "src\Modules\Curation\LocalizeStay.Modules.Curation\LocalizeStay.Modules.Curation.csproj", "{A773BF26-4B42-421B-B74B-0CC5E6A7557D}"
EndProject
Project("{FAE04EC0-301F-11D3-BF4B-00C04F79EFBC}") = "LocalizeStay.Modules.Curation.Contracts", "src\Modules\Curation\LocalizeStay.Modules.Curation.Contracts\LocalizeStay.Modules.Curation.Contracts.csproj", "{94A17A6E-DB59-40EA-8175-B6C74B3D0D13}"
EndProject
Project("{2150E333-8FDC-42A3-9474-1A3956D46DE8}") = "Operations", "Operations", "{A397AA59-2821-886E-2BB6-905F3B3FF976}"
EndProject
Project("{FAE04EC0-301F-11D3-BF4B-00C04F79EFBC}") = "LocalizeStay.Modules.Operations", "src\Modules\Operations\LocalizeStay.Modules.Operations\LocalizeStay.Modules.Operations.csproj", "{51F8E7D4-A795-4678-BBE0-9A368A848C21}"
EndProject
Project("{FAE04EC0-301F-11D3-BF4B-00C04F79EFBC}") = "LocalizeStay.Modules.Operations.Contracts", "src\Modules\Operations\LocalizeStay.Modules.Operations.Contracts\LocalizeStay.Modules.Operations.Contracts.csproj", "{43E6B089-3FD6-4CBF-B9BE-E472AB132C12}"
EndProject
Project("{2150E333-8FDC-42A3-9474-1A3956D46DE8}") = "IdentityAccess", "IdentityAccess", "{10F243C0-5589-5C7D-3314-BD3AC559A253}"
EndProject
Project("{FAE04EC0-301F-11D3-BF4B-00C04F79EFBC}") = "LocalizeStay.Modules.IdentityAccess", "src\Modules\IdentityAccess\LocalizeStay.Modules.IdentityAccess\LocalizeStay.Modules.IdentityAccess.csproj", "{D1721813-A7D2-4FCA-B473-443A49480C63}"
EndProject
Project("{FAE04EC0-301F-11D3-BF4B-00C04F79EFBC}") = "LocalizeStay.Modules.IdentityAccess.Contracts", "src\Modules\IdentityAccess\LocalizeStay.Modules.IdentityAccess.Contracts\LocalizeStay.Modules.IdentityAccess.Contracts.csproj", "{8786281E-4205-48AB-8BE9-9216520FF698}"
EndProject
Project("{2150E333-8FDC-42A3-9474-1A3956D46DE8}") = "Insights", "Insights", "{96B1DB1A-13DC-C5B0-EB3D-8036B1502A08}"
EndProject
Project("{FAE04EC0-301F-11D3-BF4B-00C04F79EFBC}") = "LocalizeStay.Modules.Insights", "src\Modules\Insights\LocalizeStay.Modules.Insights\LocalizeStay.Modules.Insights.csproj", "{37F6A264-825E-4B6A-9187-C46C30C32296}"
EndProject
Project("{FAE04EC0-301F-11D3-BF4B-00C04F79EFBC}") = "LocalizeStay.Modules.Insights.Contracts", "src\Modules\Insights\LocalizeStay.Modules.Insights.Contracts\LocalizeStay.Modules.Insights.Contracts.csproj", "{4FE1C503-7690-4BC9-902F-90CBCA3ABA57}"
EndProject
Project("{2150E333-8FDC-42A3-9474-1A3956D46DE8}") = "tests", "tests", "{0AB3BF05-4346-4AA6-1389-037BE0695223}"
EndProject
Project("{FAE04EC0-301F-11D3-BF4B-00C04F79EFBC}") = "LocalizeStay.ArchitectureTests", "tests\LocalizeStay.ArchitectureTests\LocalizeStay.ArchitectureTests.csproj", "{171D75B8-2F7A-4B33-BC92-8AB7AC045563}"
EndProject
Project("{FAE04EC0-301F-11D3-BF4B-00C04F79EFBC}") = "LocalizeStay.UnitTests", "tests\LocalizeStay.UnitTests\LocalizeStay.UnitTests.csproj", "{EFC170B4-B3E0-454C-B76C-BFD7251A44F0}"
EndProject
Project("{FAE04EC0-301F-11D3-BF4B-00C04F79EFBC}") = "LocalizeStay.IntegrationTests", "tests\LocalizeStay.IntegrationTests\LocalizeStay.IntegrationTests.csproj", "{F6746E54-92EE-4CA1-A1D1-DD44F9B6B921}"
EndProject
Global
	GlobalSection(SolutionConfigurationPlatforms) = preSolution
		Debug|Any CPU = Debug|Any CPU
		Debug|x64 = Debug|x64
		Debug|x86 = Debug|x86
		Release|Any CPU = Release|Any CPU
		Release|x64 = Release|x64
		Release|x86 = Release|x86
	EndGlobalSection
	GlobalSection(ProjectConfigurationPlatforms) = postSolution
		{D9664C05-7C0E-4BCF-B3BC-39ACD7BEC5F2}.Debug|Any CPU.ActiveCfg = Debug|Any CPU
		{D9664C05-7C0E-4BCF-B3BC-39ACD7BEC5F2}.Debug|Any CPU.Build.0 = Debug|Any CPU
		{D9664C05-7C0E-4BCF-B3BC-39ACD7BEC5F2}.Debug|x64.ActiveCfg = Debug|Any CPU
		{D9664C05-7C0E-4BCF-B3BC-39ACD7BEC5F2}.Debug|x64.Build.0 = Debug|Any CPU
		{D9664C05-7C0E-4BCF-B3BC-39ACD7BEC5F2}.Debug|x86.ActiveCfg = Debug|Any CPU
		{D9664C05-7C0E-4BCF-B3BC-39ACD7BEC5F2}.Debug|x86.Build.0 = Debug|Any CPU
		{D9664C05-7C0E-4BCF-B3BC-39ACD7BEC5F2}.Release|Any CPU.ActiveCfg = Release|Any CPU
		{D9664C05-7C0E-4BCF-B3BC-39ACD7BEC5F2}.Release|Any CPU.Build.0 = Release|Any CPU
		{D9664C05-7C0E-4BCF-B3BC-39ACD7BEC5F2}.Release|x64.ActiveCfg = Release|Any CPU
		{D9664C05-7C0E-4BCF-B3BC-39ACD7BEC5F2}.Release|x64.Build.0 = Release|Any CPU
		{D9664C05-7C0E-4BCF-B3BC-39ACD7BEC5F2}.Release|x86.ActiveCfg = Release|Any CPU
		{D9664C05-7C0E-4BCF-B3BC-39ACD7BEC5F2}.Release|x86.Build.0 = Release|Any CPU
		{ACFC4F02-8CCC-4146-8713-FC0E14637678}.Debug|Any CPU.ActiveCfg = Debug|Any CPU
		{ACFC4F02-8CCC-4146-8713-FC0E14637678}.Debug|Any CPU.Build.0 = Debug|Any CPU
		{ACFC4F02-8CCC-4146-8713-FC0E14637678}.Debug|x64.ActiveCfg = Debug|Any CPU
		{ACFC4F02-8CCC-4146-8713-FC0E14637678}.Debug|x64.Build.0 = Debug|Any CPU
		{ACFC4F02-8CCC-4146-8713-FC0E14637678}.Debug|x86.ActiveCfg = Debug|Any CPU
		{ACFC4F02-8CCC-4146-8713-FC0E14637678}.Debug|x86.Build.0 = Debug|Any CPU
		{ACFC4F02-8CCC-4146-8713-FC0E14637678}.Release|Any CPU.ActiveCfg = Release|Any CPU
		{ACFC4F02-8CCC-4146-8713-FC0E14637678}.Release|Any CPU.Build.0 = Release|Any CPU
		{ACFC4F02-8CCC-4146-8713-FC0E14637678}.Release|x64.ActiveCfg = Release|Any CPU
		{ACFC4F02-8CCC-4146-8713-FC0E14637678}.Release|x64.Build.0 = Release|Any CPU
		{ACFC4F02-8CCC-4146-8713-FC0E14637678}.Release|x86.ActiveCfg = Release|Any CPU
		{ACFC4F02-8CCC-4146-8713-FC0E14637678}.Release|x86.Build.0 = Release|Any CPU
		{7A3A969F-B85C-4865-86E9-A681FE64CD78}.Debug|Any CPU.ActiveCfg = Debug|Any CPU
		{7A3A969F-B85C-4865-86E9-A681FE64CD78}.Debug|Any CPU.Build.0 = Debug|Any CPU
		{7A3A969F-B85C-4865-86E9-A681FE64CD78}.Debug|x64.ActiveCfg = Debug|Any CPU
		{7A3A969F-B85C-4865-86E9-A681FE64CD78}.Debug|x64.Build.0 = Debug|Any CPU
		{7A3A969F-B85C-4865-86E9-A681FE64CD78}.Debug|x86.ActiveCfg = Debug|Any CPU
		{7A3A969F-B85C-4865-86E9-A681FE64CD78}.Debug|x86.Build.0 = Debug|Any CPU
		{7A3A969F-B85C-4865-86E9-A681FE64CD78}.Release|Any CPU.ActiveCfg = Release|Any CPU
		{7A3A969F-B85C-4865-86E9-A681FE64CD78}.Release|Any CPU.Build.0 = Release|Any CPU
		{7A3A969F-B85C-4865-86E9-A681FE64CD78}.Release|x64.ActiveCfg = Release|Any CPU
		{7A3A969F-B85C-4865-86E9-A681FE64CD78}.Release|x64.Build.0 = Release|Any CPU
		{7A3A969F-B85C-4865-86E9-A681FE64CD78}.Release|x86.ActiveCfg = Release|Any CPU
		{7A3A969F-B85C-4865-86E9-A681FE64CD78}.Release|x86.Build.0 = Release|Any CPU
		{43AD8FF0-0AE0-49F4-9692-19A95801BEC6}.Debug|Any CPU.ActiveCfg = Debug|Any CPU
		{43AD8FF0-0AE0-49F4-9692-19A95801BEC6}.Debug|Any CPU.Build.0 = Debug|Any CPU
		{43AD8FF0-0AE0-49F4-9692-19A95801BEC6}.Debug|x64.ActiveCfg = Debug|Any CPU
		{43AD8FF0-0AE0-49F4-9692-19A95801BEC6}.Debug|x64.Build.0 = Debug|Any CPU
		{43AD8FF0-0AE0-49F4-9692-19A95801BEC6}.Debug|x86.ActiveCfg = Debug|Any CPU
		{43AD8FF0-0AE0-49F4-9692-19A95801BEC6}.Debug|x86.Build.0 = Debug|Any CPU
		{43AD8FF0-0AE0-49F4-9692-19A95801BEC6}.Release|Any CPU.ActiveCfg = Release|Any CPU
		{43AD8FF0-0AE0-49F4-9692-19A95801BEC6}.Release|Any CPU.Build.0 = Release|Any CPU
		{43AD8FF0-0AE0-49F4-9692-19A95801BEC6}.Release|x64.ActiveCfg = Release|Any CPU
		{43AD8FF0-0AE0-49F4-9692-19A95801BEC6}.Release|x64.Build.0 = Release|Any CPU
		{43AD8FF0-0AE0-49F4-9692-19A95801BEC6}.Release|x86.ActiveCfg = Release|Any CPU
		{43AD8FF0-0AE0-49F4-9692-19A95801BEC6}.Release|x86.Build.0 = Release|Any CPU
		{53B07156-2824-43C2-BB41-94D56EB7A447}.Debug|Any CPU.ActiveCfg = Debug|Any CPU
		{53B07156-2824-43C2-BB41-94D56EB7A447}.Debug|Any CPU.Build.0 = Debug|Any CPU
		{53B07156-2824-43C2-BB41-94D56EB7A447}.Debug|x64.ActiveCfg = Debug|Any CPU
		{53B07156-2824-43C2-BB41-94D56EB7A447}.Debug|x64.Build.0 = Debug|Any CPU
		{53B07156-2824-43C2-BB41-94D56EB7A447}.Debug|x86.ActiveCfg = Debug|Any CPU
		{53B07156-2824-43C2-BB41-94D56EB7A447}.Debug|x86.Build.0 = Debug|Any CPU
		{53B07156-2824-43C2-BB41-94D56EB7A447}.Release|Any CPU.ActiveCfg = Release|Any CPU
		{53B07156-2824-43C2-BB41-94D56EB7A447}.Release|Any CPU.Build.0 = Release|Any CPU
		{53B07156-2824-43C2-BB41-94D56EB7A447}.Release|x64.ActiveCfg = Release|Any CPU
		{53B07156-2824-43C2-BB41-94D56EB7A447}.Release|x64.Build.0 = Release|Any CPU
		{53B07156-2824-43C2-BB41-94D56EB7A447}.Release|x86.ActiveCfg = Release|Any CPU
		{53B07156-2824-43C2-BB41-94D56EB7A447}.Release|x86.Build.0 = Release|Any CPU
		{CAC43E1D-66E3-4100-B2B6-078E6C8678DC}.Debug|Any CPU.ActiveCfg = Debug|Any CPU
		{CAC43E1D-66E3-4100-B2B6-078E6C8678DC}.Debug|Any CPU.Build.0 = Debug|Any CPU
		{CAC43E1D-66E3-4100-B2B6-078E6C8678DC}.Debug|x64.ActiveCfg = Debug|Any CPU
		{CAC43E1D-66E3-4100-B2B6-078E6C8678DC}.Debug|x64.Build.0 = Debug|Any CPU
		{CAC43E1D-66E3-4100-B2B6-078E6C8678DC}.Debug|x86.ActiveCfg = Debug|Any CPU
		{CAC43E1D-66E3-4100-B2B6-078E6C8678DC}.Debug|x86.Build.0 = Debug|Any CPU
		{CAC43E1D-66E3-4100-B2B6-078E6C8678DC}.Release|Any CPU.ActiveCfg = Release|Any CPU
		{CAC43E1D-66E3-4100-B2B6-078E6C8678DC}.Release|Any CPU.Build.0 = Release|Any CPU
		{CAC43E1D-66E3-4100-B2B6-078E6C8678DC}.Release|x64.ActiveCfg = Release|Any CPU
		{CAC43E1D-66E3-4100-B2B6-078E6C8678DC}.Release|x64.Build.0 = Release|Any CPU
		{CAC43E1D-66E3-4100-B2B6-078E6C8678DC}.Release|x86.ActiveCfg = Release|Any CPU
		{CAC43E1D-66E3-4100-B2B6-078E6C8678DC}.Release|x86.Build.0 = Release|Any CPU
		{0EEDE789-6F16-4F29-87A0-A9BDED8FAE42}.Debug|Any CPU.ActiveCfg = Debug|Any CPU
		{0EEDE789-6F16-4F29-87A0-A9BDED8FAE42}.Debug|Any CPU.Build.0 = Debug|Any CPU
		{0EEDE789-6F16-4F29-87A0-A9BDED8FAE42}.Debug|x64.ActiveCfg = Debug|Any CPU
		{0EEDE789-6F16-4F29-87A0-A9BDED8FAE42}.Debug|x64.Build.0 = Debug|Any CPU
		{0EEDE789-6F16-4F29-87A0-A9BDED8FAE42}.Debug|x86.ActiveCfg = Debug|Any CPU
		{0EEDE789-6F16-4F29-87A0-A9BDED8FAE42}.Debug|x86.Build.0 = Debug|Any CPU
		{0EEDE789-6F16-4F29-87A0-A9BDED8FAE42}.Release|Any CPU.ActiveCfg = Release|Any CPU
		{0EEDE789-6F16-4F29-87A0-A9BDED8FAE42}.Release|Any CPU.Build.0 = Release|Any CPU
		{0EEDE789-6F16-4F29-87A0-A9BDED8FAE42}.Release|x64.ActiveCfg = Release|Any CPU
		{0EEDE789-6F16-4F29-87A0-A9BDED8FAE42}.Release|x64.Build.0 = Release|Any CPU
		{0EEDE789-6F16-4F29-87A0-A9BDED8FAE42}.Release|x86.ActiveCfg = Release|Any CPU
		{0EEDE789-6F16-4F29-87A0-A9BDED8FAE42}.Release|x86.Build.0 = Release|Any CPU
		{DA1811CC-C73F-4419-B5AD-E68A37E45510}.Debug|Any CPU.ActiveCfg = Debug|Any CPU
		{DA1811CC-C73F-4419-B5AD-E68A37E45510}.Debug|Any CPU.Build.0 = Debug|Any CPU
		{DA1811CC-C73F-4419-B5AD-E68A37E45510}.Debug|x64.ActiveCfg = Debug|Any CPU
		{DA1811CC-C73F-4419-B5AD-E68A37E45510}.Debug|x64.Build.0 = Debug|Any CPU
		{DA1811CC-C73F-4419-B5AD-E68A37E45510}.Debug|x86.ActiveCfg = Debug|Any CPU
		{DA1811CC-C73F-4419-B5AD-E68A37E45510}.Debug|x86.Build.0 = Debug|Any CPU
		{DA1811CC-C73F-4419-B5AD-E68A37E45510}.Release|Any CPU.ActiveCfg = Release|Any CPU
		{DA1811CC-C73F-4419-B5AD-E68A37E45510}.Release|Any CPU.Build.0 = Release|Any CPU
		{DA1811CC-C73F-4419-B5AD-E68A37E45510}.Release|x64.ActiveCfg = Release|Any CPU
		{DA1811CC-C73F-4419-B5AD-E68A37E45510}.Release|x64.Build.0 = Release|Any CPU
		{DA1811CC-C73F-4419-B5AD-E68A37E45510}.Release|x86.ActiveCfg = Release|Any CPU
		{DA1811CC-C73F-4419-B5AD-E68A37E45510}.Release|x86.Build.0 = Release|Any CPU
		{5E86A4A3-7CC2-4CF3-853F-B2BC20767F28}.Debug|Any CPU.ActiveCfg = Debug|Any CPU
		{5E86A4A3-7CC2-4CF3-853F-B2BC20767F28}.Debug|Any CPU.Build.0 = Debug|Any CPU
		{5E86A4A3-7CC2-4CF3-853F-B2BC20767F28}.Debug|x64.ActiveCfg = Debug|Any CPU
		{5E86A4A3-7CC2-4CF3-853F-B2BC20767F28}.Debug|x64.Build.0 = Debug|Any CPU
		{5E86A4A3-7CC2-4CF3-853F-B2BC20767F28}.Debug|x86.ActiveCfg = Debug|Any CPU
		{5E86A4A3-7CC2-4CF3-853F-B2BC20767F28}.Debug|x86.Build.0 = Debug|Any CPU
		{5E86A4A3-7CC2-4CF3-853F-B2BC20767F28}.Release|Any CPU.ActiveCfg = Release|Any CPU
		{5E86A4A3-7CC2-4CF3-853F-B2BC20767F28}.Release|Any CPU.Build.0 = Release|Any CPU
		{5E86A4A3-7CC2-4CF3-853F-B2BC20767F28}.Release|x64.ActiveCfg = Release|Any CPU
		{5E86A4A3-7CC2-4CF3-853F-B2BC20767F28}.Release|x64.Build.0 = Release|Any CPU
		{5E86A4A3-7CC2-4CF3-853F-B2BC20767F28}.Release|x86.ActiveCfg = Release|Any CPU
		{5E86A4A3-7CC2-4CF3-853F-B2BC20767F28}.Release|x86.Build.0 = Release|Any CPU
		{BD6ADB0A-C2FF-4097-A36A-AA718FEAF37F}.Debug|Any CPU.ActiveCfg = Debug|Any CPU
		{BD6ADB0A-C2FF-4097-A36A-AA718FEAF37F}.Debug|Any CPU.Build.0 = Debug|Any CPU
		{BD6ADB0A-C2FF-4097-A36A-AA718FEAF37F}.Debug|x64.ActiveCfg = Debug|Any CPU
		{BD6ADB0A-C2FF-4097-A36A-AA718FEAF37F}.Debug|x64.Build.0 = Debug|Any CPU
		{BD6ADB0A-C2FF-4097-A36A-AA718FEAF37F}.Debug|x86.ActiveCfg = Debug|Any CPU
		{BD6ADB0A-C2FF-4097-A36A-AA718FEAF37F}.Debug|x86.Build.0 = Debug|Any CPU
		{BD6ADB0A-C2FF-4097-A36A-AA718FEAF37F}.Release|Any CPU.ActiveCfg = Release|Any CPU
		{BD6ADB0A-C2FF-4097-A36A-AA718FEAF37F}.Release|Any CPU.Build.0 = Release|Any CPU
		{BD6ADB0A-C2FF-4097-A36A-AA718FEAF37F}.Release|x64.ActiveCfg = Release|Any CPU
		{BD6ADB0A-C2FF-4097-A36A-AA718FEAF37F}.Release|x64.Build.0 = Release|Any CPU
		{BD6ADB0A-C2FF-4097-A36A-AA718FEAF37F}.Release|x86.ActiveCfg = Release|Any CPU
		{BD6ADB0A-C2FF-4097-A36A-AA718FEAF37F}.Release|x86.Build.0 = Release|Any CPU
		{342CB340-F74C-4A82-9302-2559FA28E5EF}.Debug|Any CPU.ActiveCfg = Debug|Any CPU
		{342CB340-F74C-4A82-9302-2559FA28E5EF}.Debug|Any CPU.Build.0 = Debug|Any CPU
		{342CB340-F74C-4A82-9302-2559FA28E5EF}.Debug|x64.ActiveCfg = Debug|Any CPU
		{342CB340-F74C-4A82-9302-2559FA28E5EF}.Debug|x64.Build.0 = Debug|Any CPU
		{342CB340-F74C-4A82-9302-2559FA28E5EF}.Debug|x86.ActiveCfg = Debug|Any CPU
		{342CB340-F74C-4A82-9302-2559FA28E5EF}.Debug|x86.Build.0 = Debug|Any CPU
		{342CB340-F74C-4A82-9302-2559FA28E5EF}.Release|Any CPU.ActiveCfg = Release|Any CPU
		{342CB340-F74C-4A82-9302-2559FA28E5EF}.Release|Any CPU.Build.0 = Release|Any CPU
		{342CB340-F74C-4A82-9302-2559FA28E5EF}.Release|x64.ActiveCfg = Release|Any CPU
		{342CB340-F74C-4A82-9302-2559FA28E5EF}.Release|x64.Build.0 = Release|Any CPU
		{342CB340-F74C-4A82-9302-2559FA28E5EF}.Release|x86.ActiveCfg = Release|Any CPU
		{342CB340-F74C-4A82-9302-2559FA28E5EF}.Release|x86.Build.0 = Release|Any CPU
		{72E2FDCA-ECBF-401C-8B77-A590F1397903}.Debug|Any CPU.ActiveCfg = Debug|Any CPU
		{72E2FDCA-ECBF-401C-8B77-A590F1397903}.Debug|Any CPU.Build.0 = Debug|Any CPU
		{72E2FDCA-ECBF-401C-8B77-A590F1397903}.Debug|x64.ActiveCfg = Debug|Any CPU
		{72E2FDCA-ECBF-401C-8B77-A590F1397903}.Debug|x64.Build.0 = Debug|Any CPU
		{72E2FDCA-ECBF-401C-8B77-A590F1397903}.Debug|x86.ActiveCfg = Debug|Any CPU
		{72E2FDCA-ECBF-401C-8B77-A590F1397903}.Debug|x86.Build.0 = Debug|Any CPU
		{72E2FDCA-ECBF-401C-8B77-A590F1397903}.Release|Any CPU.ActiveCfg = Release|Any CPU
		{72E2FDCA-ECBF-401C-8B77-A590F1397903}.Release|Any CPU.Build.0 = Release|Any CPU
		{72E2FDCA-ECBF-401C-8B77-A590F1397903}.Release|x64.ActiveCfg = Release|Any CPU
		{72E2FDCA-ECBF-401C-8B77-A590F1397903}.Release|x64.Build.0 = Release|Any CPU
		{72E2FDCA-ECBF-401C-8B77-A590F1397903}.Release|x86.ActiveCfg = Release|Any CPU
		{72E2FDCA-ECBF-401C-8B77-A590F1397903}.Release|x86.Build.0 = Release|Any CPU
		{A773BF26-4B42-421B-B74B-0CC5E6A7557D}.Debug|Any CPU.ActiveCfg = Debug|Any CPU
		{A773BF26-4B42-421B-B74B-0CC5E6A7557D}.Debug|Any CPU.Build.0 = Debug|Any CPU
		{A773BF26-4B42-421B-B74B-0CC5E6A7557D}.Debug|x64.ActiveCfg = Debug|Any CPU
		{A773BF26-4B42-421B-B74B-0CC5E6A7557D}.Debug|x64.Build.0 = Debug|Any CPU
		{A773BF26-4B42-421B-B74B-0CC5E6A7557D}.Debug|x86.ActiveCfg = Debug|Any CPU
		{A773BF26-4B42-421B-B74B-0CC5E6A7557D}.Debug|x86.Build.0 = Debug|Any CPU
		{A773BF26-4B42-421B-B74B-0CC5E6A7557D}.Release|Any CPU.ActiveCfg = Release|Any CPU
		{A773BF26-4B42-421B-B74B-0CC5E6A7557D}.Release|Any CPU.Build.0 = Release|Any CPU
		{A773BF26-4B42-421B-B74B-0CC5E6A7557D}.Release|x64.ActiveCfg = Release|Any CPU
		{A773BF26-4B42-421B-B74B-0CC5E6A7557D}.Release|x64.Build.0 = Release|Any CPU
		{A773BF26-4B42-421B-B74B-0CC5E6A7557D}.Release|x86.ActiveCfg = Release|Any CPU
		{A773BF26-4B42-421B-B74B-0CC5E6A7557D}.Release|x86.Build.0 = Release|Any CPU
		{94A17A6E-DB59-40EA-8175-B6C74B3D0D13}.Debug|Any CPU.ActiveCfg = Debug|Any CPU
		{94A17A6E-DB59-40EA-8175-B6C74B3D0D13}.Debug|Any CPU.Build.0 = Debug|Any CPU
		{94A17A6E-DB59-40EA-8175-B6C74B3D0D13}.Debug|x64.ActiveCfg = Debug|Any CPU
		{94A17A6E-DB59-40EA-8175-B6C74B3D0D13}.Debug|x64.Build.0 = Debug|Any CPU
		{94A17A6E-DB59-40EA-8175-B6C74B3D0D13}.Debug|x86.ActiveCfg = Debug|Any CPU
		{94A17A6E-DB59-40EA-8175-B6C74B3D0D13}.Debug|x86.Build.0 = Debug|Any CPU
		{94A17A6E-DB59-40EA-8175-B6C74B3D0D13}.Release|Any CPU.ActiveCfg = Release|Any CPU
		{94A17A6E-DB59-40EA-8175-B6C74B3D0D13}.Release|Any CPU.Build.0 = Release|Any CPU
		{94A17A6E-DB59-40EA-8175-B6C74B3D0D13}.Release|x64.ActiveCfg = Release|Any CPU
		{94A17A6E-DB59-40EA-8175-B6C74B3D0D13}.Release|x64.Build.0 = Release|Any CPU
		{94A17A6E-DB59-40EA-8175-B6C74B3D0D13}.Release|x86.ActiveCfg = Release|Any CPU
		{94A17A6E-DB59-40EA-8175-B6C74B3D0D13}.Release|x86.Build.0 = Release|Any CPU
		{51F8E7D4-A795-4678-BBE0-9A368A848C21}.Debug|Any CPU.ActiveCfg = Debug|Any CPU
		{51F8E7D4-A795-4678-BBE0-9A368A848C21}.Debug|Any CPU.Build.0 = Debug|Any CPU
		{51F8E7D4-A795-4678-BBE0-9A368A848C21}.Debug|x64.ActiveCfg = Debug|Any CPU
		{51F8E7D4-A795-4678-BBE0-9A368A848C21}.Debug|x64.Build.0 = Debug|Any CPU
		{51F8E7D4-A795-4678-BBE0-9A368A848C21}.Debug|x86.ActiveCfg = Debug|Any CPU
		{51F8E7D4-A795-4678-BBE0-9A368A848C21}.Debug|x86.Build.0 = Debug|Any CPU
		{51F8E7D4-A795-4678-BBE0-9A368A848C21}.Release|Any CPU.ActiveCfg = Release|Any CPU
		{51F8E7D4-A795-4678-BBE0-9A368A848C21}.Release|Any CPU.Build.0 = Release|Any CPU
		{51F8E7D4-A795-4678-BBE0-9A368A848C21}.Release|x64.ActiveCfg = Release|Any CPU
		{51F8E7D4-A795-4678-BBE0-9A368A848C21}.Release|x64.Build.0 = Release|Any CPU
		{51F8E7D4-A795-4678-BBE0-9A368A848C21}.Release|x86.ActiveCfg = Release|Any CPU
		{51F8E7D4-A795-4678-BBE0-9A368A848C21}.Release|x86.Build.0 = Release|Any CPU
		{43E6B089-3FD6-4CBF-B9BE-E472AB132C12}.Debug|Any CPU.ActiveCfg = Debug|Any CPU
		{43E6B089-3FD6-4CBF-B9BE-E472AB132C12}.Debug|Any CPU.Build.0 = Debug|Any CPU
		{43E6B089-3FD6-4CBF-B9BE-E472AB132C12}.Debug|x64.ActiveCfg = Debug|Any CPU
		{43E6B089-3FD6-4CBF-B9BE-E472AB132C12}.Debug|x64.Build.0 = Debug|Any CPU
		{43E6B089-3FD6-4CBF-B9BE-E472AB132C12}.Debug|x86.ActiveCfg = Debug|Any CPU
		{43E6B089-3FD6-4CBF-B9BE-E472AB132C12}.Debug|x86.Build.0 = Debug|Any CPU
		{43E6B089-3FD6-4CBF-B9BE-E472AB132C12}.Release|Any CPU.ActiveCfg = Release|Any CPU
		{43E6B089-3FD6-4CBF-B9BE-E472AB132C12}.Release|Any CPU.Build.0 = Release|Any CPU
		{43E6B089-3FD6-4CBF-B9BE-E472AB132C12}.Release|x64.ActiveCfg = Release|Any CPU
		{43E6B089-3FD6-4CBF-B9BE-E472AB132C12}.Release|x64.Build.0 = Release|Any CPU
		{43E6B089-3FD6-4CBF-B9BE-E472AB132C12}.Release|x86.ActiveCfg = Release|Any CPU
		{43E6B089-3FD6-4CBF-B9BE-E472AB132C12}.Release|x86.Build.0 = Release|Any CPU
		{D1721813-A7D2-4FCA-B473-443A49480C63}.Debug|Any CPU.ActiveCfg = Debug|Any CPU
		{D1721813-A7D2-4FCA-B473-443A49480C63}.Debug|Any CPU.Build.0 = Debug|Any CPU
		{D1721813-A7D2-4FCA-B473-443A49480C63}.Debug|x64.ActiveCfg = Debug|Any CPU
		{D1721813-A7D2-4FCA-B473-443A49480C63}.Debug|x64.Build.0 = Debug|Any CPU
		{D1721813-A7D2-4FCA-B473-443A49480C63}.Debug|x86.ActiveCfg = Debug|Any CPU
		{D1721813-A7D2-4FCA-B473-443A49480C63}.Debug|x86.Build.0 = Debug|Any CPU
		{D1721813-A7D2-4FCA-B473-443A49480C63}.Release|Any CPU.ActiveCfg = Release|Any CPU
		{D1721813-A7D2-4FCA-B473-443A49480C63}.Release|Any CPU.Build.0 = Release|Any CPU
		{D1721813-A7D2-4FCA-B473-443A49480C63}.Release|x64.ActiveCfg = Release|Any CPU
		{D1721813-A7D2-4FCA-B473-443A49480C63}.Release|x64.Build.0 = Release|Any CPU
		{D1721813-A7D2-4FCA-B473-443A49480C63}.Release|x86.ActiveCfg = Release|Any CPU
		{D1721813-A7D2-4FCA-B473-443A49480C63}.Release|x86.Build.0 = Release|Any CPU
		{8786281E-4205-48AB-8BE9-9216520FF698}.Debug|Any CPU.ActiveCfg = Debug|Any CPU
		{8786281E-4205-48AB-8BE9-9216520FF698}.Debug|Any CPU.Build.0 = Debug|Any CPU
		{8786281E-4205-48AB-8BE9-9216520FF698}.Debug|x64.ActiveCfg = Debug|Any CPU
		{8786281E-4205-48AB-8BE9-9216520FF698}.Debug|x64.Build.0 = Debug|Any CPU
		{8786281E-4205-48AB-8BE9-9216520FF698}.Debug|x86.ActiveCfg = Debug|Any CPU
		{8786281E-4205-48AB-8BE9-9216520FF698}.Debug|x86.Build.0 = Debug|Any CPU
		{8786281E-4205-48AB-8BE9-9216520FF698}.Release|Any CPU.ActiveCfg = Release|Any CPU
		{8786281E-4205-48AB-8BE9-9216520FF698}.Release|Any CPU.Build.0 = Release|Any CPU
		{8786281E-4205-48AB-8BE9-9216520FF698}.Release|x64.ActiveCfg = Release|Any CPU
		{8786281E-4205-48AB-8BE9-9216520FF698}.Release|x64.Build.0 = Release|Any CPU
		{8786281E-4205-48AB-8BE9-9216520FF698}.Release|x86.ActiveCfg = Release|Any CPU
		{8786281E-4205-48AB-8BE9-9216520FF698}.Release|x86.Build.0 = Release|Any CPU
		{37F6A264-825E-4B6A-9187-C46C30C32296}.Debug|Any CPU.ActiveCfg = Debug|Any CPU
		{37F6A264-825E-4B6A-9187-C46C30C32296}.Debug|Any CPU.Build.0 = Debug|Any CPU
		{37F6A264-825E-4B6A-9187-C46C30C32296}.Debug|x64.ActiveCfg = Debug|Any CPU
		{37F6A264-825E-4B6A-9187-C46C30C32296}.Debug|x64.Build.0 = Debug|Any CPU
		{37F6A264-825E-4B6A-9187-C46C30C32296}.Debug|x86.ActiveCfg = Debug|Any CPU
		{37F6A264-825E-4B6A-9187-C46C30C32296}.Debug|x86.Build.0 = Debug|Any CPU
		{37F6A264-825E-4B6A-9187-C46C30C32296}.Release|Any CPU.ActiveCfg = Release|Any CPU
		{37F6A264-825E-4B6A-9187-C46C30C32296}.Release|Any CPU.Build.0 = Release|Any CPU
		{37F6A264-825E-4B6A-9187-C46C30C32296}.Release|x64.ActiveCfg = Release|Any CPU
		{37F6A264-825E-4B6A-9187-C46C30C32296}.Release|x64.Build.0 = Release|Any CPU
		{37F6A264-825E-4B6A-9187-C46C30C32296}.Release|x86.ActiveCfg = Release|Any CPU
		{37F6A264-825E-4B6A-9187-C46C30C32296}.Release|x86.Build.0 = Release|Any CPU
		{4FE1C503-7690-4BC9-902F-90CBCA3ABA57}.Debug|Any CPU.ActiveCfg = Debug|Any CPU
		{4FE1C503-7690-4BC9-902F-90CBCA3ABA57}.Debug|Any CPU.Build.0 = Debug|Any CPU
		{4FE1C503-7690-4BC9-902F-90CBCA3ABA57}.Debug|x64.ActiveCfg = Debug|Any CPU
		{4FE1C503-7690-4BC9-902F-90CBCA3ABA57}.Debug|x64.Build.0 = Debug|Any CPU
		{4FE1C503-7690-4BC9-902F-90CBCA3ABA57}.Debug|x86.ActiveCfg = Debug|Any CPU
		{4FE1C503-7690-4BC9-902F-90CBCA3ABA57}.Debug|x86.Build.0 = Debug|Any CPU
		{4FE1C503-7690-4BC9-902F-90CBCA3ABA57}.Release|Any CPU.ActiveCfg = Release|Any CPU
		{4FE1C503-7690-4BC9-902F-90CBCA3ABA57}.Release|Any CPU.Build.0 = Release|Any CPU
		{4FE1C503-7690-4BC9-902F-90CBCA3ABA57}.Release|x64.ActiveCfg = Release|Any CPU
		{4FE1C503-7690-4BC9-902F-90CBCA3ABA57}.Release|x64.Build.0 = Release|Any CPU
		{4FE1C503-7690-4BC9-902F-90CBCA3ABA57}.Release|x86.ActiveCfg = Release|Any CPU
		{4FE1C503-7690-4BC9-902F-90CBCA3ABA57}.Release|x86.Build.0 = Release|Any CPU
		{171D75B8-2F7A-4B33-BC92-8AB7AC045563}.Debug|Any CPU.ActiveCfg = Debug|Any CPU
		{171D75B8-2F7A-4B33-BC92-8AB7AC045563}.Debug|Any CPU.Build.0 = Debug|Any CPU
		{171D75B8-2F7A-4B33-BC92-8AB7AC045563}.Debug|x64.ActiveCfg = Debug|Any CPU
		{171D75B8-2F7A-4B33-BC92-8AB7AC045563}.Debug|x64.Build.0 = Debug|Any CPU
		{171D75B8-2F7A-4B33-BC92-8AB7AC045563}.Debug|x86.ActiveCfg = Debug|Any CPU
		{171D75B8-2F7A-4B33-BC92-8AB7AC045563}.Debug|x86.Build.0 = Debug|Any CPU
		{171D75B8-2F7A-4B33-BC92-8AB7AC045563}.Release|Any CPU.ActiveCfg = Release|Any CPU
		{171D75B8-2F7A-4B33-BC92-8AB7AC045563}.Release|Any CPU.Build.0 = Release|Any CPU
		{171D75B8-2F7A-4B33-BC92-8AB7AC045563}.Release|x64.ActiveCfg = Release|Any CPU
		{171D75B8-2F7A-4B33-BC92-8AB7AC045563}.Release|x64.Build.0 = Release|Any CPU
		{171D75B8-2F7A-4B33-BC92-8AB7AC045563}.Release|x86.ActiveCfg = Release|Any CPU
		{171D75B8-2F7A-4B33-BC92-8AB7AC045563}.Release|x86.Build.0 = Release|Any CPU
		{EFC170B4-B3E0-454C-B76C-BFD7251A44F0}.Debug|Any CPU.ActiveCfg = Debug|Any CPU
		{EFC170B4-B3E0-454C-B76C-BFD7251A44F0}.Debug|Any CPU.Build.0 = Debug|Any CPU
		{EFC170B4-B3E0-454C-B76C-BFD7251A44F0}.Debug|x64.ActiveCfg = Debug|Any CPU
		{EFC170B4-B3E0-454C-B76C-BFD7251A44F0}.Debug|x64.Build.0 = Debug|Any CPU
		{EFC170B4-B3E0-454C-B76C-BFD7251A44F0}.Debug|x86.ActiveCfg = Debug|Any CPU
		{EFC170B4-B3E0-454C-B76C-BFD7251A44F0}.Debug|x86.Build.0 = Debug|Any CPU
		{EFC170B4-B3E0-454C-B76C-BFD7251A44F0}.Release|Any CPU.ActiveCfg = Release|Any CPU
		{EFC170B4-B3E0-454C-B76C-BFD7251A44F0}.Release|Any CPU.Build.0 = Release|Any CPU
		{EFC170B4-B3E0-454C-B76C-BFD7251A44F0}.Release|x64.ActiveCfg = Release|Any CPU
		{EFC170B4-B3E0-454C-B76C-BFD7251A44F0}.Release|x64.Build.0 = Release|Any CPU
		{EFC170B4-B3E0-454C-B76C-BFD7251A44F0}.Release|x86.ActiveCfg = Release|Any CPU
		{EFC170B4-B3E0-454C-B76C-BFD7251A44F0}.Release|x86.Build.0 = Release|Any CPU
		{F6746E54-92EE-4CA1-A1D1-DD44F9B6B921}.Debug|Any CPU.ActiveCfg = Debug|Any CPU
		{F6746E54-92EE-4CA1-A1D1-DD44F9B6B921}.Debug|Any CPU.Build.0 = Debug|Any CPU
		{F6746E54-92EE-4CA1-A1D1-DD44F9B6B921}.Debug|x64.ActiveCfg = Debug|Any CPU
		{F6746E54-92EE-4CA1-A1D1-DD44F9B6B921}.Debug|x64.Build.0 = Debug|Any CPU
		{F6746E54-92EE-4CA1-A1D1-DD44F9B6B921}.Debug|x86.ActiveCfg = Debug|Any CPU
		{F6746E54-92EE-4CA1-A1D1-DD44F9B6B921}.Debug|x86.Build.0 = Debug|Any CPU
		{F6746E54-92EE-4CA1-A1D1-DD44F9B6B921}.Release|Any CPU.ActiveCfg = Release|Any CPU
		{F6746E54-92EE-4CA1-A1D1-DD44F9B6B921}.Release|Any CPU.Build.0 = Release|Any CPU
		{F6746E54-92EE-4CA1-A1D1-DD44F9B6B921}.Release|x64.ActiveCfg = Release|Any CPU
		{F6746E54-92EE-4CA1-A1D1-DD44F9B6B921}.Release|x64.Build.0 = Release|Any CPU
		{F6746E54-92EE-4CA1-A1D1-DD44F9B6B921}.Release|x86.ActiveCfg = Release|Any CPU
		{F6746E54-92EE-4CA1-A1D1-DD44F9B6B921}.Release|x86.Build.0 = Release|Any CPU
	EndGlobalSection
	GlobalSection(SolutionProperties) = preSolution
		HideSolutionNode = FALSE
	EndGlobalSection
	GlobalSection(NestedProjects) = preSolution
		{D9664C05-7C0E-4BCF-B3BC-39ACD7BEC5F2} = {827E0CD3-B72D-47B6-A68D-7590B98EB39B}
		{90298CBA-BD6F-3A0A-69D5-97CAD7B05E7E} = {827E0CD3-B72D-47B6-A68D-7590B98EB39B}
		{ACFC4F02-8CCC-4146-8713-FC0E14637678} = {90298CBA-BD6F-3A0A-69D5-97CAD7B05E7E}
		{EC447DCF-ABFA-6E24-52A5-D7FD48A5C558} = {827E0CD3-B72D-47B6-A68D-7590B98EB39B}
		{45D4843E-D65D-046D-A47C-6FD9A62F431A} = {EC447DCF-ABFA-6E24-52A5-D7FD48A5C558}
		{7A3A969F-B85C-4865-86E9-A681FE64CD78} = {45D4843E-D65D-046D-A47C-6FD9A62F431A}
		{43AD8FF0-0AE0-49F4-9692-19A95801BEC6} = {45D4843E-D65D-046D-A47C-6FD9A62F431A}
		{18C073E0-6CB1-4693-3636-BFEE619A6192} = {EC447DCF-ABFA-6E24-52A5-D7FD48A5C558}
		{53B07156-2824-43C2-BB41-94D56EB7A447} = {18C073E0-6CB1-4693-3636-BFEE619A6192}
		{CAC43E1D-66E3-4100-B2B6-078E6C8678DC} = {18C073E0-6CB1-4693-3636-BFEE619A6192}
		{FC0D8A46-3DC7-E91E-C357-28F70C4DB3C6} = {EC447DCF-ABFA-6E24-52A5-D7FD48A5C558}
		{0EEDE789-6F16-4F29-87A0-A9BDED8FAE42} = {FC0D8A46-3DC7-E91E-C357-28F70C4DB3C6}
		{DA1811CC-C73F-4419-B5AD-E68A37E45510} = {FC0D8A46-3DC7-E91E-C357-28F70C4DB3C6}
		{3482A603-7AEB-377F-9DA5-9757A465DBE8} = {EC447DCF-ABFA-6E24-52A5-D7FD48A5C558}
		{5E86A4A3-7CC2-4CF3-853F-B2BC20767F28} = {3482A603-7AEB-377F-9DA5-9757A465DBE8}
		{BD6ADB0A-C2FF-4097-A36A-AA718FEAF37F} = {3482A603-7AEB-377F-9DA5-9757A465DBE8}
		{EA488DEF-FF38-E365-B93B-A43BE4DEBA18} = {EC447DCF-ABFA-6E24-52A5-D7FD48A5C558}
		{342CB340-F74C-4A82-9302-2559FA28E5EF} = {EA488DEF-FF38-E365-B93B-A43BE4DEBA18}
		{72E2FDCA-ECBF-401C-8B77-A590F1397903} = {EA488DEF-FF38-E365-B93B-A43BE4DEBA18}
		{BEF6D164-B796-A647-D306-280AF5DC8AEA} = {EC447DCF-ABFA-6E24-52A5-D7FD48A5C558}
		{A773BF26-4B42-421B-B74B-0CC5E6A7557D} = {BEF6D164-B796-A647-D306-280AF5DC8AEA}
		{94A17A6E-DB59-40EA-8175-B6C74B3D0D13} = {BEF6D164-B796-A647-D306-280AF5DC8AEA}
		{A397AA59-2821-886E-2BB6-905F3B3FF976} = {EC447DCF-ABFA-6E24-52A5-D7FD48A5C558}
		{51F8E7D4-A795-4678-BBE0-9A368A848C21} = {A397AA59-2821-886E-2BB6-905F3B3FF976}
		{43E6B089-3FD6-4CBF-B9BE-E472AB132C12} = {A397AA59-2821-886E-2BB6-905F3B3FF976}
		{10F243C0-5589-5C7D-3314-BD3AC559A253} = {EC447DCF-ABFA-6E24-52A5-D7FD48A5C558}
		{D1721813-A7D2-4FCA-B473-443A49480C63} = {10F243C0-5589-5C7D-3314-BD3AC559A253}
		{8786281E-4205-48AB-8BE9-9216520FF698} = {10F243C0-5589-5C7D-3314-BD3AC559A253}
		{96B1DB1A-13DC-C5B0-EB3D-8036B1502A08} = {EC447DCF-ABFA-6E24-52A5-D7FD48A5C558}
		{37F6A264-825E-4B6A-9187-C46C30C32296} = {96B1DB1A-13DC-C5B0-EB3D-8036B1502A08}
		{4FE1C503-7690-4BC9-902F-90CBCA3ABA57} = {96B1DB1A-13DC-C5B0-EB3D-8036B1502A08}
		{171D75B8-2F7A-4B33-BC92-8AB7AC045563} = {0AB3BF05-4346-4AA6-1389-037BE0695223}
		{EFC170B4-B3E0-454C-B76C-BFD7251A44F0} = {0AB3BF05-4346-4AA6-1389-037BE0695223}
		{F6746E54-92EE-4CA1-A1D1-DD44F9B6B921} = {0AB3BF05-4346-4AA6-1389-037BE0695223}
	EndGlobalSection
EndGlobal
